
Microsoft Visual Studio Solution File, Format Version 12.00
# Visual Studio Version 17
VisualStudioVersion = 17.7.34003.232
MinimumVisualStudioVersion = 10.0.40219.1
Project("{8BC9CEB8-8B4A-11D0-8D11-00A0C91BC942}") = "飞行棋测试", "飞行棋测试\飞行棋测试.vcxproj", "{4538E746-162F-434B-8E85-2AFA810770AD}"
EndProject
Global
	GlobalSection(SolutionConfigurationPlatforms) = preSolution
		Debug|x64 = Debug|x64
		Debug|x86 = Debug|x86
		Release|x64 = Release|x64
		Release|x86 = Release|x86
	EndGlobalSection
	GlobalSection(ProjectConfigurationPlatforms) = postSolution
		{4538E746-162F-434B-8E85-2AFA810770AD}.Debug|x64.ActiveCfg = Debug|x64
		{4538E746-162F-434B-8E85-2AFA810770AD}.Debug|x64.Build.0 = Debug|x64
		{4538E746-162F-434B-8E85-2AFA810770AD}.Debug|x86.ActiveCfg = Debug|Win32
		{4538E746-162F-434B-8E85-2AFA810770AD}.Debug|x86.Build.0 = Debug|Win32
		{4538E746-162F-434B-8E85-2AFA810770AD}.Release|x64.ActiveCfg = Release|x64
		{4538E746-162F-434B-8E85-2AFA810770AD}.Release|x64.Build.0 = Release|x64
		{4538E746-162F-434B-8E85-2AFA810770AD}.Release|x86.ActiveCfg = Release|Win32
		{4538E746-162F-434B-8E85-2AFA810770AD}.Release|x86.Build.0 = Release|Win32
	EndGlobalSection
	GlobalSection(SolutionProperties) = preSolution
		HideSolutionNode = FALSE
	EndGlobalSection
	GlobalSection(ExtensibilityGlobals) = postSolution
		SolutionGuid = {DE0F3365-36B4-497D-97B0-07B3D3FDAE28}
	EndGlobalSection
EndGlobal
