
Microsoft Visual Studio Solution File, Format Version 12.00
# Visual Studio Version 17
VisualStudioVersion = 17.7.34003.232
MinimumVisualStudioVersion = 10.0.40219.1
Project("{8BC9CEB8-8B4A-11D0-8D11-00A0C91BC942}") = "罗马数字转整数", "罗马数字转整数\罗马数字转整数.vcxproj", "{122591BF-56FB-4191-8B06-A8ABD593401D}"
EndProject
Global
	GlobalSection(SolutionConfigurationPlatforms) = preSolution
		Debug|x64 = Debug|x64
		Debug|x86 = Debug|x86
		Release|x64 = Release|x64
		Release|x86 = Release|x86
	EndGlobalSection
	GlobalSection(ProjectConfigurationPlatforms) = postSolution
		{122591BF-56FB-4191-8B06-A8ABD593401D}.Debug|x64.ActiveCfg = Debug|x64
		{122591BF-56FB-4191-8B06-A8ABD593401D}.Debug|x64.Build.0 = Debug|x64
		{122591BF-56FB-4191-8B06-A8ABD593401D}.Debug|x86.ActiveCfg = Debug|Win32
		{122591BF-56FB-4191-8B06-A8ABD593401D}.Debug|x86.Build.0 = Debug|Win32
		{122591BF-56FB-4191-8B06-A8ABD593401D}.Release|x64.ActiveCfg = Release|x64
		{122591BF-56FB-4191-8B06-A8ABD593401D}.Release|x64.Build.0 = Release|x64
		{122591BF-56FB-4191-8B06-A8ABD593401D}.Release|x86.ActiveCfg = Release|Win32
		{122591BF-56FB-4191-8B06-A8ABD593401D}.Release|x86.Build.0 = Release|Win32
	EndGlobalSection
	GlobalSection(SolutionProperties) = preSolution
		HideSolutionNode = FALSE
	EndGlobalSection
	GlobalSection(ExtensibilityGlobals) = postSolution
		SolutionGuid = {9CDA6B7E-C1A0-469D-8E9E-1D646760DA8E}
	EndGlobalSection
EndGlobal
