
Microsoft Visual Studio Solution File, Format Version 12.00
# Visual Studio Version 17
VisualStudioVersion = 17.7.34003.232
MinimumVisualStudioVersion = 10.0.40219.1
Project("{8BC9CEB8-8B4A-11D0-8D11-00A0C91BC942}") = "顺序查找", "顺序查找\顺序查找.vcxproj", "{95382028-A9A2-4EEA-BDDD-28EC4476C81B}"
EndProject
Global
	GlobalSection(SolutionConfigurationPlatforms) = preSolution
		Debug|x64 = Debug|x64
		Debug|x86 = Debug|x86
		Release|x64 = Release|x64
		Release|x86 = Release|x86
	EndGlobalSection
	GlobalSection(ProjectConfigurationPlatforms) = postSolution
		{95382028-A9A2-4EEA-BDDD-28EC4476C81B}.Debug|x64.ActiveCfg = Debug|x64
		{95382028-A9A2-4EEA-BDDD-28EC4476C81B}.Debug|x64.Build.0 = Debug|x64
		{95382028-A9A2-4EEA-BDDD-28EC4476C81B}.Debug|x86.ActiveCfg = Debug|Win32
		{95382028-A9A2-4EEA-BDDD-28EC4476C81B}.Debug|x86.Build.0 = Debug|Win32
		{95382028-A9A2-4EEA-BDDD-28EC4476C81B}.Release|x64.ActiveCfg = Release|x64
		{95382028-A9A2-4EEA-BDDD-28EC4476C81B}.Release|x64.Build.0 = Release|x64
		{95382028-A9A2-4EEA-BDDD-28EC4476C81B}.Release|x86.ActiveCfg = Release|Win32
		{95382028-A9A2-4EEA-BDDD-28EC4476C81B}.Release|x86.Build.0 = Release|Win32
	EndGlobalSection
	GlobalSection(SolutionProperties) = preSolution
		HideSolutionNode = FALSE
	EndGlobalSection
	GlobalSection(ExtensibilityGlobals) = postSolution
		SolutionGuid = {8BAF50C0-D075-49A2-9B3E-9D34A704C2A4}
	EndGlobalSection
EndGlobal
