
Microsoft Visual Studio Solution File, Format Version 12.00
# Visual Studio Version 17
VisualStudioVersion = 17.7.34003.232
MinimumVisualStudioVersion = 10.0.40219.1
Project("{8BC9CEB8-8B4A-11D0-8D11-00A0C91BC942}") = "拓扑排序学习", "拓扑排序学习\拓扑排序学习.vcxproj", "{2CFA3278-9401-4A67-9900-04C9B692F342}"
EndProject
Global
	GlobalSection(SolutionConfigurationPlatforms) = preSolution
		Debug|x64 = Debug|x64
		Debug|x86 = Debug|x86
		Release|x64 = Release|x64
		Release|x86 = Release|x86
	EndGlobalSection
	GlobalSection(ProjectConfigurationPlatforms) = postSolution
		{2CFA3278-9401-4A67-9900-04C9B692F342}.Debug|x64.ActiveCfg = Debug|x64
		{2CFA3278-9401-4A67-9900-04C9B692F342}.Debug|x64.Build.0 = Debug|x64
		{2CFA3278-9401-4A67-9900-04C9B692F342}.Debug|x86.ActiveCfg = Debug|Win32
		{2CFA3278-9401-4A67-9900-04C9B692F342}.Debug|x86.Build.0 = Debug|Win32
		{2CFA3278-9401-4A67-9900-04C9B692F342}.Release|x64.ActiveCfg = Release|x64
		{2CFA3278-9401-4A67-9900-04C9B692F342}.Release|x64.Build.0 = Release|x64
		{2CFA3278-9401-4A67-9900-04C9B692F342}.Release|x86.ActiveCfg = Release|Win32
		{2CFA3278-9401-4A67-9900-04C9B692F342}.Release|x86.Build.0 = Release|Win32
	EndGlobalSection
	GlobalSection(SolutionProperties) = preSolution
		HideSolutionNode = FALSE
	EndGlobalSection
	GlobalSection(ExtensibilityGlobals) = postSolution
		SolutionGuid = {B22A868A-9DF1-4BC5-A846-9A08AAD9D375}
	EndGlobalSection
EndGlobal
