
Microsoft Visual Studio Solution File, Format Version 12.00
# Visual Studio Version 17
VisualStudioVersion = 17.7.34003.232
MinimumVisualStudioVersion = 10.0.40219.1
Project("{8BC9CEB8-8B4A-11D0-8D11-00A0C91BC942}") = "关键路径学习", "关键路径学习\关键路径学习.vcxproj", "{D79AD3DA-63E2-4980-8CC1-BF6A91F3442F}"
EndProject
Global
	GlobalSection(SolutionConfigurationPlatforms) = preSolution
		Debug|x64 = Debug|x64
		Debug|x86 = Debug|x86
		Release|x64 = Release|x64
		Release|x86 = Release|x86
	EndGlobalSection
	GlobalSection(ProjectConfigurationPlatforms) = postSolution
		{D79AD3DA-63E2-4980-8CC1-BF6A91F3442F}.Debug|x64.ActiveCfg = Debug|x64
		{D79AD3DA-63E2-4980-8CC1-BF6A91F3442F}.Debug|x64.Build.0 = Debug|x64
		{D79AD3DA-63E2-4980-8CC1-BF6A91F3442F}.Debug|x86.ActiveCfg = Debug|Win32
		{D79AD3DA-63E2-4980-8CC1-BF6A91F3442F}.Debug|x86.Build.0 = Debug|Win32
		{D79AD3DA-63E2-4980-8CC1-BF6A91F3442F}.Release|x64.ActiveCfg = Release|x64
		{D79AD3DA-63E2-4980-8CC1-BF6A91F3442F}.Release|x64.Build.0 = Release|x64
		{D79AD3DA-63E2-4980-8CC1-BF6A91F3442F}.Release|x86.ActiveCfg = Release|Win32
		{D79AD3DA-63E2-4980-8CC1-BF6A91F3442F}.Release|x86.Build.0 = Release|Win32
	EndGlobalSection
	GlobalSection(SolutionProperties) = preSolution
		HideSolutionNode = FALSE
	EndGlobalSection
	GlobalSection(ExtensibilityGlobals) = postSolution
		SolutionGuid = {CD689DDF-53D7-4545-A7DB-AE1841039459}
	EndGlobalSection
EndGlobal
